// !$*UTF8*$!
{
	archiveVersion = 1;
	classes = {
	};
	objectVersion = 77;
	objects = {

/* Begin PBXBuildFile section */
		2D5D09A1300AFF0700B990E5 /* Documentation.docc in Sources */ = {isa = PBXBuildFile; fileRef = 2D5D09A0300AFF0700B990E5 /* Documentation.docc */; };
		2D5D09A7300AFF0700B990E5 /* Utilities.framework in Frameworks */ = {isa = PBXBuildFile; fileRef = 2D5D099B300AFF0700B990E5 /* Utilities.framework */; };
/* End PBXBuildFile section */

/* Begin PBXContainerItemProxy section */
		2D5D09A8300AFF0700B990E5 /* PBXContainerItemProxy */ = {
			isa = PBXContainerItemProxy;
			containerPortal = 2D5D0992300AFF0700B990E5 /* Project object */;
			proxyType = 1;
			remoteGlobalIDString = 2D5D099A300AFF0700B990E5;
			remoteInfo = Utilities;
		};
/* End PBXContainerItemProxy section */

/* Begin PBXFileReference section */
		2D5D099B300AFF0700B990E5 /* Utilities.framework */ = {isa = PBXFileReference; explicitFileType = wrapper.framework; includeInIndex = 0; path = Utilities.framework; sourceTree = BUILT_PRODUCTS_DIR; };
		2D5D09A0300AFF0700B990E5 /* Documentation.docc */ = {isa = PBXFileReference; lastKnownFileType = folder.documentationcatalog; path = Documentation.docc; sourceTree = "<group>"; };
		2D5D09A6300AFF0700B990E5 /* Utilities Tests.xctest */ = {isa = PBXFileReference; explicitFileType = wrapper.cfbundle; includeInIndex = 0; path = "Utilities Tests.xctest"; sourceTree = BUILT_PRODUCTS_DIR; };
/* End PBXFileReference section */

/* Begin PBXFileSystemSynchronizedRootGroup section */
		2D5D099D300AFF0700B990E5 /* Source */ = {
			isa = PBXFileSystemSynchronizedRootGroup;
			path = Source;
			sourceTree = "<group>";
		};
		2D5D09AA300AFF0700B990E5 /* Tests */ = {
			isa = PBXFileSystemSynchronizedRootGroup;
			path = Tests;
			sourceTree = "<group>";
		};
		2D5D09BE300B202D00B990E5 /* Config */ = {
			isa = PBXFileSystemSynchronizedRootGroup;
			path = Config;
			sourceTree = "<group>";
		};
/* End PBXFileSystemSynchronizedRootGroup section */

/* Begin PBXFrameworksBuildPhase section */
		2D5D0998300AFF0700B990E5 /* Frameworks */ = {
			isa = PBXFrameworksBuildPhase;
			buildActionMask = 2147483647;
			files = (
			);
			runOnlyForDeploymentPostprocessing = 0;
		};
		2D5D09A3300AFF0700B990E5 /* Frameworks */ = {
			isa = PBXFrameworksBuildPhase;
			buildActionMask = 2147483647;
			files = (
				2D5D09A7300AFF0700B990E5 /* Utilities.framework in Frameworks */,
			);
			runOnlyForDeploymentPostprocessing = 0;
		};
/* End PBXFrameworksBuildPhase section */

/* Begin PBXGroup section */
		2D5D0991300AFF0700B990E5 = {
			isa = PBXGroup;
			children = (
				2D5D099D300AFF0700B990E5 /* Source */,
				2D5D09AA300AFF0700B990E5 /* Tests */,
				2D5D09A0300AFF0700B990E5 /* Documentation.docc */,
				2D5D09BE300B202D00B990E5 /* Config */,
				2D5D099C300AFF0700B990E5 /* Products */,
			);
			sourceTree = "<group>";
		};
		2D5D099C300AFF0700B990E5 /* Products */ = {
			isa = PBXGroup;
			children = (
				2D5D099B300AFF0700B990E5 /* Utilities.framework */,
				2D5D09A6300AFF0700B990E5 /* Utilities Tests.xctest */,
			);
			name = Products;
			sourceTree = "<group>";
		};
/* End PBXGroup section */

/* Begin PBXHeadersBuildPhase section */
		2D5D0996300AFF0700B990E5 /* Headers */ = {
			isa = PBXHeadersBuildPhase;
			buildActionMask = 2147483647;
			files = (
			);
			runOnlyForDeploymentPostprocessing = 0;
		};
/* End PBXHeadersBuildPhase section */

/* Begin PBXNativeTarget section */
		2D5D099A300AFF0700B990E5 /* Framework */ = {
			isa = PBXNativeTarget;
			buildConfigurationList = 2D5D09AF300AFF0700B990E5 /* Build configuration list for PBXNativeTarget "Framework" */;
			buildPhases = (
				2D5D0996300AFF0700B990E5 /* Headers */,
				2D5D0997300AFF0700B990E5 /* Sources */,
				2D5D0998300AFF0700B990E5 /* Frameworks */,
				2D5D0999300AFF0700B990E5 /* Resources */,
			);
			buildRules = (
			);
			dependencies = (
			);
			fileSystemSynchronizedGroups = (
				2D5D099D300AFF0700B990E5 /* Source */,
			);
			name = Framework;
			packageProductDependencies = (
			);
			productName = Utilities;
			productReference = 2D5D099B300AFF0700B990E5 /* Utilities.framework */;
			productType = "com.apple.product-type.framework";
		};
		2D5D09A5300AFF0700B990E5 /* Tests */ = {
			isa = PBXNativeTarget;
			buildConfigurationList = 2D5D09B2300AFF0700B990E5 /* Build configuration list for PBXNativeTarget "Tests" */;
			buildPhases = (
				2D5D09A2300AFF0700B990E5 /* Sources */,
				2D5D09A3300AFF0700B990E5 /* Frameworks */,
				2D5D09A4300AFF0700B990E5 /* Resources */,
			);
			buildRules = (
			);
			dependencies = (
				2D5D09A9300AFF0700B990E5 /* PBXTargetDependency */,
			);
			fileSystemSynchronizedGroups = (
				2D5D09AA300AFF0700B990E5 /* Tests */,
			);
			name = Tests;
			packageProductDependencies = (
			);
			productName = UtilitiesTests;
			productReference = 2D5D09A6300AFF0700B990E5 /* Utilities Tests.xctest */;
			productType = "com.apple.product-type.bundle.unit-test";
		};
/* End PBXNativeTarget section */

/* Begin PBXProject section */
		2D5D0992300AFF0700B990E5 /* Project object */ = {
			isa = PBXProject;
			attributes = {
				BuildIndependentTargetsInParallel = 1;
				LastSwiftUpdateCheck = 2660;
				LastUpgradeCheck = 2660;
				TargetAttributes = {
					2D5D099A300AFF0700B990E5 = {
						CreatedOnToolsVersion = 26.6;
					};
					2D5D09A5300AFF0700B990E5 = {
						CreatedOnToolsVersion = 26.6;
					};
				};
			};
			buildConfigurationList = 2D5D0995300AFF0700B990E5 /* Build configuration list for PBXProject "Utilities" */;
			developmentRegion = en;
			hasScannedForEncodings = 0;
			knownRegions = (
				en,
				Base,
			);
			mainGroup = 2D5D0991300AFF0700B990E5;
			minimizedProjectReferenceProxies = 1;
			preferredProjectObjectVersion = 77;
			projectDirPath = "";
			projectRoot = "";
			targets = (
				2D5D099A300AFF0700B990E5 /* Framework */,
				2D5D09A5300AFF0700B990E5 /* Tests */,
			);
		};
/* End PBXProject section */

/* Begin PBXResourcesBuildPhase section */
		2D5D0999300AFF0700B990E5 /* Resources */ = {
			isa = PBXResourcesBuildPhase;
			buildActionMask = 2147483647;
			files = (
			);
			runOnlyForDeploymentPostprocessing = 0;
		};
		2D5D09A4300AFF0700B990E5 /* Resources */ = {
			isa = PBXResourcesBuildPhase;
			buildActionMask = 2147483647;
			files = (
			);
			runOnlyForDeploymentPostprocessing = 0;
		};
/* End PBXResourcesBuildPhase section */

/* Begin PBXSourcesBuildPhase section */
		2D5D0997300AFF0700B990E5 /* Sources */ = {
			isa = PBXSourcesBuildPhase;
			buildActionMask = 2147483647;
			files = (
				2D5D09A1300AFF0700B990E5 /* Documentation.docc in Sources */,
			);
			runOnlyForDeploymentPostprocessing = 0;
		};
		2D5D09A2300AFF0700B990E5 /* Sources */ = {
			isa = PBXSourcesBuildPhase;
			buildActionMask = 2147483647;
			files = (
			);
			runOnlyForDeploymentPostprocessing = 0;
		};
/* End PBXSourcesBuildPhase section */

/* Begin PBXTargetDependency section */
		2D5D09A9300AFF0700B990E5 /* PBXTargetDependency */ = {
			isa = PBXTargetDependency;
			target = 2D5D099A300AFF0700B990E5 /* Framework */;
			targetProxy = 2D5D09A8300AFF0700B990E5 /* PBXContainerItemProxy */;
		};
/* End PBXTargetDependency section */

/* Begin XCBuildConfiguration section */
		2D5D09AD300AFF0700B990E5 /* Debug */ = {
			isa = XCBuildConfiguration;
			baseConfigurationReferenceAnchor = 2D5D09BE300B202D00B990E5 /* Config */;
			baseConfigurationReferenceRelativePath = Debug.xcconfig;
			buildSettings = {
			};
			name = Debug;
		};
		2D5D09AE300AFF0700B990E5 /* Release */ = {
			isa = XCBuildConfiguration;
			baseConfigurationReferenceAnchor = 2D5D09BE300B202D00B990E5 /* Config */;
			baseConfigurationReferenceRelativePath = Release.xcconfig;
			buildSettings = {
			};
			name = Release;
		};
		2D5D09B0300AFF0700B990E5 /* Debug */ = {
			isa = XCBuildConfiguration;
			baseConfigurationReferenceAnchor = 2D5D09BE300B202D00B990E5 /* Config */;
			baseConfigurationReferenceRelativePath = "Utilities-Debug.xcconfig";
			buildSettings = {
			};
			name = Debug;
		};
		2D5D09B1300AFF0700B990E5 /* Release */ = {
			isa = XCBuildConfiguration;
			baseConfigurationReferenceAnchor = 2D5D09BE300B202D00B990E5 /* Config */;
			baseConfigurationReferenceRelativePath = "Utilities-Release.xcconfig";
			buildSettings = {
			};
			name = Release;
		};
		2D5D09B3300AFF0700B990E5 /* Debug */ = {
			isa = XCBuildConfiguration;
			baseConfigurationReferenceAnchor = 2D5D09BE300B202D00B990E5 /* Config */;
			baseConfigurationReferenceRelativePath = "Tests-Debug.xcconfig";
			buildSettings = {
			};
			name = Debug;
		};
		2D5D09B4300AFF0700B990E5 /* Release */ = {
			isa = XCBuildConfiguration;
			baseConfigurationReferenceAnchor = 2D5D09BE300B202D00B990E5 /* Config */;
			baseConfigurationReferenceRelativePath = "Tests-Release.xcconfig";
			buildSettings = {
			};
			name = Release;
		};
/* End XCBuildConfiguration section */

/* Begin XCConfigurationList section */
		2D5D0995300AFF0700B990E5 /* Build configuration list for PBXProject "Utilities" */ = {
			isa = XCConfigurationList;
			buildConfigurations = (
				2D5D09AD300AFF0700B990E5 /* Debug */,
				2D5D09AE300AFF0700B990E5 /* Release */,
			);
			defaultConfigurationIsVisible = 0;
			defaultConfigurationName = Release;
		};
		2D5D09AF300AFF0700B990E5 /* Build configuration list for PBXNativeTarget "Framework" */ = {
			isa = XCConfigurationList;
			buildConfigurations = (
				2D5D09B0300AFF0700B990E5 /* Debug */,
				2D5D09B1300AFF0700B990E5 /* Release */,
			);
			defaultConfigurationIsVisible = 0;
			defaultConfigurationName = Release;
		};
		2D5D09B2300AFF0700B990E5 /* Build configuration list for PBXNativeTarget "Tests" */ = {
			isa = XCConfigurationList;
			buildConfigurations = (
				2D5D09B3300AFF0700B990E5 /* Debug */,
				2D5D09B4300AFF0700B990E5 /* Release */,
			);
			defaultConfigurationIsVisible = 0;
			defaultConfigurationName = Release;
		};
/* End XCConfigurationList section */
	};
	rootObject = 2D5D0992300AFF0700B990E5 /* Project object */;
}
